// !$*UTF8*$!
{
	archiveVersion = 1;
	classes = {
	};
	objectVersion = 55;
	objects = {

/* Begin PBXBuildFile section */
		701AA9A42AC56F130002B7A5 /* AppDelegate.swift in Sources */ = {isa = PBXBuildFile; fileRef = 701AA9A32AC56F130002B7A5 /* AppDelegate.swift */; };
		701AA9A62AC56F130002B7A5 /* SceneDelegate.swift in Sources */ = {isa = PBXBuildFile; fileRef = 701AA9A52AC56F130002B7A5 /* SceneDelegate.swift */; };
		701AA9A82AC56F130002B7A5 /* ViewController.swift in Sources */ = {isa = PBXBuildFile; fileRef = 701AA9A72AC56F130002B7A5 /* ViewController.swift */; };
		701AA9AB2AC56F130002B7A5 /* Main.storyboard in Resources */ = {isa = PBXBuildFile; fileRef = 701AA9A92AC56F130002B7A5 /* Main.storyboard */; };
		701AA9AD2AC56F170002B7A5 /* Assets.xcassets in Resources */ = {isa = PBXBuildFile; fileRef = 701AA9AC2AC56F170002B7A5 /* Assets.xcassets */; };
		701AA9B02AC56F170002B7A5 /* LaunchScreen.storyboard in Resources */ = {isa = PBXBuildFile; fileRef = 701AA9AE2AC56F170002B7A5 /* LaunchScreen.storyboard */; };
		701AA9BB2AC56F170002B7A5 /* TestAssignmentTests.swift in Sources */ = {isa = PBXBuildFile; fileRef = 701AA9BA2AC56F170002B7A5 /* TestAssignmentTests.swift */; };
		701AA9C52AC56F170002B7A5 /* TestAssignmentUITests.swift in Sources */ = {isa = PBXBuildFile; fileRef = 701AA9C42AC56F170002B7A5 /* TestAssignmentUITests.swift */; };
		701AA9C72AC56F170002B7A5 /* TestAssignmentUITestsLaunchTests.swift in Sources */ = {isa = PBXBuildFile; fileRef = 701AA9C62AC56F170002B7A5 /* TestAssignmentUITestsLaunchTests.swift */; };
		701AA9D42AC570230002B7A5 /* ViewController1.swift in Sources */ = {isa = PBXBuildFile; fileRef = 701AA9D32AC570230002B7A5 /* ViewController1.swift */; };
		701AA9D62AC570320002B7A5 /* ViewController2.swift in Sources */ = {isa = PBXBuildFile; fileRef = 701AA9D52AC570320002B7A5 /* ViewController2.swift */; };
		701AA9D82AC570D50002B7A5 /* BaseViewModel.swift in Sources */ = {isa = PBXBuildFile; fileRef = 701AA9D72AC570D50002B7A5 /* BaseViewModel.swift */; };
		701AA9DA2AC571970002B7A5 /* VCTableViewCell.swift in Sources */ = {isa = PBXBuildFile; fileRef = 701AA9D92AC571970002B7A5 /* VCTableViewCell.swift */; };
/* End PBXBuildFile section */

/* Begin PBXContainerItemProxy section */
		701AA9B72AC56F170002B7A5 /* PBXContainerItemProxy */ = {
			isa = PBXContainerItemProxy;
			containerPortal = 701AA9982AC56F130002B7A5 /* Project object */;
			proxyType = 1;
			remoteGlobalIDString = 701AA99F2AC56F130002B7A5;
			remoteInfo = TestAssignment;
		};
		701AA9C12AC56F170002B7A5 /* PBXContainerItemProxy */ = {
			isa = PBXContainerItemProxy;
			containerPortal = 701AA9982AC56F130002B7A5 /* Project object */;
			proxyType = 1;
			remoteGlobalIDString = 701AA99F2AC56F130002B7A5;
			remoteInfo = TestAssignment;
		};
/* End PBXContainerItemProxy section */

/* Begin PBXFileReference section */
		701AA9A02AC56F130002B7A5 /* TestAssignment.app */ = {isa = PBXFileReference; explicitFileType = wrapper.application; includeInIndex = 0; path = TestAssignment.app; sourceTree = BUILT_PRODUCTS_DIR; };
		701AA9A32AC56F130002B7A5 /* AppDelegate.swift */ = {isa = PBXFileReference; lastKnownFileType = sourcecode.swift; path = AppDelegate.swift; sourceTree = "<group>"; };
		701AA9A52AC56F130002B7A5 /* SceneDelegate.swift */ = {isa = PBXFileReference; lastKnownFileType = sourcecode.swift; path = SceneDelegate.swift; sourceTree = "<group>"; };
		701AA9A72AC56F130002B7A5 /* ViewController.swift */ = {isa = PBXFileReference; lastKnownFileType = sourcecode.swift; path = ViewController.swift; sourceTree = "<group>"; };
		701AA9AA2AC56F130002B7A5 /* Base */ = {isa = PBXFileReference; lastKnownFileType = file.storyboard; name = Base; path = Base.lproj/Main.storyboard; sourceTree = "<group>"; };
		701AA9AC2AC56F170002B7A5 /* Assets.xcassets */ = {isa = PBXFileReference; lastKnownFileType = folder.assetcatalog; path = Assets.xcassets; sourceTree = "<group>"; };
		701AA9AF2AC56F170002B7A5 /* Base */ = {isa = PBXFileReference; lastKnownFileType = file.storyboard; name = Base; path = Base.lproj/LaunchScreen.storyboard; sourceTree = "<group>"; };
		701AA9B12AC56F170002B7A5 /* Info.plist */ = {isa = PBXFileReference; lastKnownFileType = text.plist.xml; path = Info.plist; sourceTree = "<group>"; };
		701AA9B62AC56F170002B7A5 /* TestAssignmentTests.xctest */ = {isa = PBXFileReference; explicitFileType = wrapper.cfbundle; includeInIndex = 0; path = TestAssignmentTests.xctest; sourceTree = BUILT_PRODUCTS_DIR; };
		701AA9BA2AC56F170002B7A5 /* TestAssignmentTests.swift */ = {isa = PBXFileReference; lastKnownFileType = sourcecode.swift; path = TestAssignmentTests.swift; sourceTree = "<group>"; };
		701AA9C02AC56F170002B7A5 /* TestAssignmentUITests.xctest */ = {isa = PBXFileReference; explicitFileType = wrapper.cfbundle; includeInIndex = 0; path = TestAssignmentUITests.xctest; sourceTree = BUILT_PRODUCTS_DIR; };
		701AA9C42AC56F170002B7A5 /* TestAssignmentUITests.swift */ = {isa = PBXFileReference; lastKnownFileType = sourcecode.swift; path = TestAssignmentUITests.swift; sourceTree = "<group>"; };
		701AA9C62AC56F170002B7A5 /* TestAssignmentUITestsLaunchTests.swift */ = {isa = PBXFileReference; lastKnownFileType = sourcecode.swift; path = TestAssignmentUITestsLaunchTests.swift; sourceTree = "<group>"; };
		701AA9D32AC570230002B7A5 /* ViewController1.swift */ = {isa = PBXFileReference; lastKnownFileType = sourcecode.swift; path = ViewController1.swift; sourceTree = "<group>"; };
		701AA9D52AC570320002B7A5 /* ViewController2.swift */ = {isa = PBXFileReference; lastKnownFileType = sourcecode.swift; path = ViewController2.swift; sourceTree = "<group>"; };
		701AA9D72AC570D50002B7A5 /* BaseViewModel.swift */ = {isa = PBXFileReference; lastKnownFileType = sourcecode.swift; path = BaseViewModel.swift; sourceTree = "<group>"; };
		701AA9D92AC571970002B7A5 /* VCTableViewCell.swift */ = {isa = PBXFileReference; lastKnownFileType = sourcecode.swift; path = VCTableViewCell.swift; sourceTree = "<group>"; };
/* End PBXFileReference section */

/* Begin PBXFrameworksBuildPhase section */
		701AA99D2AC56F130002B7A5 /* Frameworks */ = {
			isa = PBXFrameworksBuildPhase;
			buildActionMask = 2147483647;
			files = (
			);
			runOnlyForDeploymentPostprocessing = 0;
		};
		701AA9B32AC56F170002B7A5 /* Frameworks */ = {
			isa = PBXFrameworksBuildPhase;
			buildActionMask = 2147483647;
			files = (
			);
			runOnlyForDeploymentPostprocessing = 0;
		};
		701AA9BD2AC56F170002B7A5 /* Frameworks */ = {
			isa = PBXFrameworksBuildPhase;
			buildActionMask = 2147483647;
			files = (
			);
			runOnlyForDeploymentPostprocessing = 0;
		};
/* End PBXFrameworksBuildPhase section */

/* Begin PBXGroup section */
		701AA9972AC56F130002B7A5 = {
			isa = PBXGroup;
			children = (
				701AA9A22AC56F130002B7A5 /* TestAssignment */,
				701AA9B92AC56F170002B7A5 /* TestAssignmentTests */,
				701AA9C32AC56F170002B7A5 /* TestAssignmentUITests */,
				701AA9A12AC56F130002B7A5 /* Products */,
			);
			sourceTree = "<group>";
		};
		701AA9A12AC56F130002B7A5 /* Products */ = {
			isa = PBXGroup;
			children = (
				701AA9A02AC56F130002B7A5 /* TestAssignment.app */,
				701AA9B62AC56F170002B7A5 /* TestAssignmentTests.xctest */,
				701AA9C02AC56F170002B7A5 /* TestAssignmentUITests.xctest */,
			);
			name = Products;
			sourceTree = "<group>";
		};
		701AA9A22AC56F130002B7A5 /* TestAssignment */ = {
			isa = PBXGroup;
			children = (
				701AA9A32AC56F130002B7A5 /* AppDelegate.swift */,
				701AA9A52AC56F130002B7A5 /* SceneDelegate.swift */,
				701AA9A72AC56F130002B7A5 /* ViewController.swift */,
				701AA9D92AC571970002B7A5 /* VCTableViewCell.swift */,
				701AA9D72AC570D50002B7A5 /* BaseViewModel.swift */,
				701AA9D32AC570230002B7A5 /* ViewController1.swift */,
				701AA9D52AC570320002B7A5 /* ViewController2.swift */,
				701AA9A92AC56F130002B7A5 /* Main.storyboard */,
				701AA9AC2AC56F170002B7A5 /* Assets.xcassets */,
				701AA9AE2AC56F170002B7A5 /* LaunchScreen.storyboard */,
				701AA9B12AC56F170002B7A5 /* Info.plist */,
			);
			path = TestAssignment;
			sourceTree = "<group>";
		};
		701AA9B92AC56F170002B7A5 /* TestAssignmentTests */ = {
			isa = PBXGroup;
			children = (
				701AA9BA2AC56F170002B7A5 /* TestAssignmentTests.swift */,
			);
			path = TestAssignmentTests;
			sourceTree = "<group>";
		};
		701AA9C32AC56F170002B7A5 /* TestAssignmentUITests */ = {
			isa = PBXGroup;
			children = (
				701AA9C42AC56F170002B7A5 /* TestAssignmentUITests.swift */,
				701AA9C62AC56F170002B7A5 /* TestAssignmentUITestsLaunchTests.swift */,
			);
			path = TestAssignmentUITests;
			sourceTree = "<group>";
		};
/* End PBXGroup section */

/* Begin PBXNativeTarget section */
		701AA99F2AC56F130002B7A5 /* TestAssignment */ = {
			isa = PBXNativeTarget;
			buildConfigurationList = 701AA9CA2AC56F170002B7A5 /* Build configuration list for PBXNativeTarget "TestAssignment" */;
			buildPhases = (
				701AA99C2AC56F130002B7A5 /* Sources */,
				701AA99D2AC56F130002B7A5 /* Frameworks */,
				701AA99E2AC56F130002B7A5 /* Resources */,
			);
			buildRules = (
			);
			dependencies = (
			);
			name = TestAssignment;
			productName = TestAssignment;
			productReference = 701AA9A02AC56F130002B7A5 /* TestAssignment.app */;
			productType = "com.apple.product-type.application";
		};
		701AA9B52AC56F170002B7A5 /* TestAssignmentTests */ = {
			isa = PBXNativeTarget;
			buildConfigurationList = 701AA9CD2AC56F170002B7A5 /* Build configuration list for PBXNativeTarget "TestAssignmentTests" */;
			buildPhases = (
				701AA9B22AC56F170002B7A5 /* Sources */,
				701AA9B32AC56F170002B7A5 /* Frameworks */,
				701AA9B42AC56F170002B7A5 /* Resources */,
			);
			buildRules = (
			);
			dependencies = (
				701AA9B82AC56F170002B7A5 /* PBXTargetDependency */,
			);
			name = TestAssignmentTests;
			productName = TestAssignmentTests;
			productReference = 701AA9B62AC56F170002B7A5 /* TestAssignmentTests.xctest */;
			productType = "com.apple.product-type.bundle.unit-test";
		};
		701AA9BF2AC56F170002B7A5 /* TestAssignmentUITests */ = {
			isa = PBXNativeTarget;
			buildConfigurationList = 701AA9D02AC56F170002B7A5 /* Build configuration list for PBXNativeTarget "TestAssignmentUITests" */;
			buildPhases = (
				701AA9BC2AC56F170002B7A5 /* Sources */,
				701AA9BD2AC56F170002B7A5 /* Frameworks */,
				701AA9BE2AC56F170002B7A5 /* Resources */,
			);
			buildRules = (
			);
			dependencies = (
				701AA9C22AC56F170002B7A5 /* PBXTargetDependency */,
			);
			name = TestAssignmentUITests;
			productName = TestAssignmentUITests;
			productReference = 701AA9C02AC56F170002B7A5 /* TestAssignmentUITests.xctest */;
			productType = "com.apple.product-type.bundle.ui-testing";
		};
/* End PBXNativeTarget section */

/* Begin PBXProject section */
		701AA9982AC56F130002B7A5 /* Project object */ = {
			isa = PBXProject;
			attributes = {
				BuildIndependentTargetsInParallel = 1;
				LastSwiftUpdateCheck = 1340;
				LastUpgradeCheck = 1340;
				TargetAttributes = {
					701AA99F2AC56F130002B7A5 = {
						CreatedOnToolsVersion = 13.4;
					};
					701AA9B52AC56F170002B7A5 = {
						CreatedOnToolsVersion = 13.4;
						TestTargetID = 701AA99F2AC56F130002B7A5;
					};
					701AA9BF2AC56F170002B7A5 = {
						CreatedOnToolsVersion = 13.4;
						TestTargetID = 701AA99F2AC56F130002B7A5;
					};
				};
			};
			buildConfigurationList = 701AA99B2AC56F130002B7A5 /* Build configuration list for PBXProject "TestAssignment" */;
			compatibilityVersion = "Xcode 13.0";
			developmentRegion = en;
			hasScannedForEncodings = 0;
			knownRegions = (
				en,
				Base,
			);
			mainGroup = 701AA9972AC56F130002B7A5;
			productRefGroup = 701AA9A12AC56F130002B7A5 /* Products */;
			projectDirPath = "";
			projectRoot = "";
			targets = (
				701AA99F2AC56F130002B7A5 /* TestAssignment */,
				701AA9B52AC56F170002B7A5 /* TestAssignmentTests */,
				701AA9BF2AC56F170002B7A5 /* TestAssignmentUITests */,
			);
		};
/* End PBXProject section */

/* Begin PBXResourcesBuildPhase section */
		701AA99E2AC56F130002B7A5 /* Resources */ = {
			isa = PBXResourcesBuildPhase;
			buildActionMask = 2147483647;
			files = (
				701AA9B02AC56F170002B7A5 /* LaunchScreen.storyboard in Resources */,
				701AA9AD2AC56F170002B7A5 /* Assets.xcassets in Resources */,
				701AA9AB2AC56F130002B7A5 /* Main.storyboard in Resources */,
			);
			runOnlyForDeploymentPostprocessing = 0;
		};
		701AA9B42AC56F170002B7A5 /* Resources */ = {
			isa = PBXResourcesBuildPhase;
			buildActionMask = 2147483647;
			files = (
			);
			runOnlyForDeploymentPostprocessing = 0;
		};
		701AA9BE2AC56F170002B7A5 /* Resources */ = {
			isa = PBXResourcesBuildPhase;
			buildActionMask = 2147483647;
			files = (
			);
			runOnlyForDeploymentPostprocessing = 0;
		};
/* End PBXResourcesBuildPhase section */

/* Begin PBXSourcesBuildPhase section */
		701AA99C2AC56F130002B7A5 /* Sources */ = {
			isa = PBXSourcesBuildPhase;
			buildActionMask = 2147483647;
			files = (
				701AA9D62AC570320002B7A5 /* ViewController2.swift in Sources */,
				701AA9DA2AC571970002B7A5 /* VCTableViewCell.swift in Sources */,
				701AA9D42AC570230002B7A5 /* ViewController1.swift in Sources */,
				701AA9A82AC56F130002B7A5 /* ViewController.swift in Sources */,
				701AA9A42AC56F130002B7A5 /* AppDelegate.swift in Sources */,
				701AA9A62AC56F130002B7A5 /* SceneDelegate.swift in Sources */,
				701AA9D82AC570D50002B7A5 /* BaseViewModel.swift in Sources */,
			);
			runOnlyForDeploymentPostprocessing = 0;
		};
		701AA9B22AC56F170002B7A5 /* Sources */ = {
			isa = PBXSourcesBuildPhase;
			buildActionMask = 2147483647;
			files = (
				701AA9BB2AC56F170002B7A5 /* TestAssignmentTests.swift in Sources */,
			);
			runOnlyForDeploymentPostprocessing = 0;
		};
		701AA9BC2AC56F170002B7A5 /* Sources */ = {
			isa = PBXSourcesBuildPhase;
			buildActionMask = 2147483647;
			files = (
				701AA9C52AC56F170002B7A5 /* TestAssignmentUITests.swift in Sources */,
				701AA9C72AC56F170002B7A5 /* TestAssignmentUITestsLaunchTests.swift in Sources */,
			);
			runOnlyForDeploymentPostprocessing = 0;
		};
/* End PBXSourcesBuildPhase section */

/* Begin PBXTargetDependency section */
		701AA9B82AC56F170002B7A5 /* PBXTargetDependency */ = {
			isa = PBXTargetDependency;
			target = 701AA99F2AC56F130002B7A5 /* TestAssignment */;
			targetProxy = 701AA9B72AC56F170002B7A5 /* PBXContainerItemProxy */;
		};
		701AA9C22AC56F170002B7A5 /* PBXTargetDependency */ = {
			isa = PBXTargetDependency;
			target = 701AA99F2AC56F130002B7A5 /* TestAssignment */;
			targetProxy = 701AA9C12AC56F170002B7A5 /* PBXContainerItemProxy */;
		};
/* End PBXTargetDependency section */

/* Begin PBXVariantGroup section */
		701AA9A92AC56F130002B7A5 /* Main.storyboard */ = {
			isa = PBXVariantGroup;
			children = (
				701AA9AA2AC56F130002B7A5 /* Base */,
			);
			name = Main.storyboard;
			sourceTree = "<group>";
		};
		701AA9AE2AC56F170002B7A5 /* LaunchScreen.storyboard */ = {
			isa = PBXVariantGroup;
			children = (
				701AA9AF2AC56F170002B7A5 /* Base */,
			);
			name = LaunchScreen.storyboard;
			sourceTree = "<group>";
		};
/* End PBXVariantGroup section */

/* Begin XCBuildConfiguration section */
		701AA9C82AC56F170002B7A5 /* Debug */ = {
			isa = XCBuildConfiguration;
			buildSettings = {
				ALWAYS_SEARCH_USER_PATHS = NO;
				CLANG_ANALYZER_NONNULL = YES;
				CLANG_ANALYZER_NUMBER_OBJECT_CONVERSION = YES_AGGRESSIVE;
				CLANG_CXX_LANGUAGE_STANDARD = "gnu++17";
				CLANG_ENABLE_MODULES = YES;
				CLANG_ENABLE_OBJC_ARC = YES;
				CLANG_ENABLE_OBJC_WEAK = YES;
				CLANG_WARN_BLOCK_CAPTURE_AUTORELEASING = YES;
				CLANG_WARN_BOOL_CONVERSION = YES;
				CLANG_WARN_COMMA = YES;
				CLANG_WARN_CONSTANT_CONVERSION = YES;
				CLANG_WARN_DEPRECATED_OBJC_IMPLEMENTATIONS = YES;
				CLANG_WARN_DIRECT_OBJC_ISA_USAGE = YES_ERROR;
				CLANG_WARN_DOCUMENTATION_COMMENTS = YES;
				CLANG_WARN_EMPTY_BODY = YES;
				CLANG_WARN_ENUM_CONVERSION = YES;
				CLANG_WARN_INFINITE_RECURSION = YES;
				CLANG_WARN_INT_CONVERSION = YES;
				CLANG_WARN_NON_LITERAL_NULL_CONVERSION = YES;
				CLANG_WARN_OBJC_IMPLICIT_RETAIN_SELF = YES;
				CLANG_WARN_OBJC_LITERAL_CONVERSION = YES;
				CLANG_WARN_OBJC_ROOT_CLASS = YES_ERROR;
				CLANG_WARN_QUOTED_INCLUDE_IN_FRAMEWORK_HEADER = YES;
				CLANG_WARN_RANGE_LOOP_ANALYSIS = YES;
				CLANG_WARN_STRICT_PROTOTYPES = YES;
				CLANG_WARN_SUSPICIOUS_MOVE = YES;
				CLANG_WARN_UNGUARDED_AVAILABILITY = YES_AGGRESSIVE;
				CLANG_WARN_UNREACHABLE_CODE = YES;
				CLANG_WARN__DUPLICATE_METHOD_MATCH = YES;
				COPY_PHASE_STRIP = NO;
				DEBUG_INFORMATION_FORMAT = dwarf;
				ENABLE_STRICT_OBJC_MSGSEND = YES;
				ENABLE_TESTABILITY = YES;
				GCC_C_LANGUAGE_STANDARD = gnu11;
				GCC_DYNAMIC_NO_PIC = NO;
				GCC_NO_COMMON_BLOCKS = YES;
				GCC_OPTIMIZATION_LEVEL = 0;
				GCC_PREPROCESSOR_DEFINITIONS = (
					"DEBUG=1",
					"$(inherited)",
				);
				GCC_WARN_64_TO_32_BIT_CONVERSION = YES;
				GCC_WARN_ABOUT_RETURN_TYPE = YES_ERROR;
				GCC_WARN_UNDECLARED_SELECTOR = YES;
				GCC_WARN_UNINITIALIZED_AUTOS = YES_AGGRESSIVE;
				GCC_WARN_UNUSED_FUNCTION = YES;
				GCC_WARN_UNUSED_VARIABLE = YES;
				IPHONEOS_DEPLOYMENT_TARGET = 15.5;
				MTL_ENABLE_DEBUG_INFO = INCLUDE_SOURCE;
				MTL_FAST_MATH = YES;
				ONLY_ACTIVE_ARCH = YES;
				SDKROOT = iphoneos;
				SWIFT_ACTIVE_COMPILATION_CONDITIONS = DEBUG;
				SWIFT_OPTIMIZATION_LEVEL = "-Onone";
			};
			name = Debug;
		};
		701AA9C92AC56F170002B7A5 /* Release */ = {
			isa = XCBuildConfiguration;
			buildSettings = {
				ALWAYS_SEARCH_USER_PATHS = NO;
				CLANG_ANALYZER_NONNULL = YES;
				CLANG_ANALYZER_NUMBER_OBJECT_CONVERSION = YES_AGGRESSIVE;
				CLANG_CXX_LANGUAGE_STANDARD = "gnu++17";
				CLANG_ENABLE_MODULES = YES;
				CLANG_ENABLE_OBJC_ARC = YES;
				CLANG_ENABLE_OBJC_WEAK = YES;
				CLANG_WARN_BLOCK_CAPTURE_AUTORELEASING = YES;
				CLANG_WARN_BOOL_CONVERSION = YES;
				CLANG_WARN_COMMA = YES;
				CLANG_WARN_CONSTANT_CONVERSION = YES;
				CLANG_WARN_DEPRECATED_OBJC_IMPLEMENTATIONS = YES;
				CLANG_WARN_DIRECT_OBJC_ISA_USAGE = YES_ERROR;
				CLANG_WARN_DOCUMENTATION_COMMENTS = YES;
				CLANG_WARN_EMPTY_BODY = YES;
				CLANG_WARN_ENUM_CONVERSION = YES;
				CLANG_WARN_INFINITE_RECURSION = YES;
				CLANG_WARN_INT_CONVERSION = YES;
				CLANG_WARN_NON_LITERAL_NULL_CONVERSION = YES;
				CLANG_WARN_OBJC_IMPLICIT_RETAIN_SELF = YES;
				CLANG_WARN_OBJC_LITERAL_CONVERSION = YES;
				CLANG_WARN_OBJC_ROOT_CLASS = YES_ERROR;
				CLANG_WARN_QUOTED_INCLUDE_IN_FRAMEWORK_HEADER = YES;
				CLANG_WARN_RANGE_LOOP_ANALYSIS = YES;
				CLANG_WARN_STRICT_PROTOTYPES = YES;
				CLANG_WARN_SUSPICIOUS_MOVE = YES;
				CLANG_WARN_UNGUARDED_AVAILABILITY = YES_AGGRESSIVE;
				CLANG_WARN_UNREACHABLE_CODE = YES;
				CLANG_WARN__DUPLICATE_METHOD_MATCH = YES;
				COPY_PHASE_STRIP = NO;
				DEBUG_INFORMATION_FORMAT = "dwarf-with-dsym";
				ENABLE_NS_ASSERTIONS = NO;
				ENABLE_STRICT_OBJC_MSGSEND = YES;
				GCC_C_LANGUAGE_STANDARD = gnu11;
				GCC_NO_COMMON_BLOCKS = YES;
				GCC_WARN_64_TO_32_BIT_CONVERSION = YES;
				GCC_WARN_ABOUT_RETURN_TYPE = YES_ERROR;
				GCC_WARN_UNDECLARED_SELECTOR = YES;
				GCC_WARN_UNINITIALIZED_AUTOS = YES_AGGRESSIVE;
				GCC_WARN_UNUSED_FUNCTION = YES;
				GCC_WARN_UNUSED_VARIABLE = YES;
				IPHONEOS_DEPLOYMENT_TARGET = 15.5;
				MTL_ENABLE_DEBUG_INFO = NO;
				MTL_FAST_MATH = YES;
				SDKROOT = iphoneos;
				SWIFT_COMPILATION_MODE = wholemodule;
				SWIFT_OPTIMIZATION_LEVEL = "-O";
				VALIDATE_PRODUCT = YES;
			};
			name = Release;
		};
		701AA9CB2AC56F170002B7A5 /* Debug */ = {
			isa = XCBuildConfiguration;
			buildSettings = {
				ASSETCATALOG_COMPILER_APPICON_NAME = AppIcon;
				ASSETCATALOG_COMPILER_GLOBAL_ACCENT_COLOR_NAME = AccentColor;
				CODE_SIGN_STYLE = Automatic;
				CURRENT_PROJECT_VERSION = 1;
				GENERATE_INFOPLIST_FILE = YES;
				INFOPLIST_FILE = TestAssignment/Info.plist;
				INFOPLIST_KEY_UIApplicationSupportsIndirectInputEvents = YES;
				INFOPLIST_KEY_UILaunchStoryboardName = LaunchScreen;
				INFOPLIST_KEY_UIMainStoryboardFile = Main;
				INFOPLIST_KEY_UISupportedInterfaceOrientations_iPad = "UIInterfaceOrientationPortrait UIInterfaceOrientationPortraitUpsideDown UIInterfaceOrientationLandscapeLeft UIInterfaceOrientationLandscapeRight";
				INFOPLIST_KEY_UISupportedInterfaceOrientations_iPhone = "UIInterfaceOrientationPortrait UIInterfaceOrientationLandscapeLeft UIInterfaceOrientationLandscapeRight";
				LD_RUNPATH_SEARCH_PATHS = (
					"$(inherited)",
					"@executable_path/Frameworks",
				);
				MARKETING_VERSION = 1.0;
				PRODUCT_BUNDLE_IDENTIFIER = com.it.demo.TestAssignment;
				PRODUCT_NAME = "$(TARGET_NAME)";
				SWIFT_EMIT_LOC_STRINGS = YES;
				SWIFT_VERSION = 5.0;
				TARGETED_DEVICE_FAMILY = "1,2";
			};
			name = Debug;
		};
		701AA9CC2AC56F170002B7A5 /* Release */ = {
			isa = XCBuildConfiguration;
			buildSettings = {
				ASSETCATALOG_COMPILER_APPICON_NAME = AppIcon;
				ASSETCATALOG_COMPILER_GLOBAL_ACCENT_COLOR_NAME = AccentColor;
				CODE_SIGN_STYLE = Automatic;
				CURRENT_PROJECT_VERSION = 1;
				GENERATE_INFOPLIST_FILE = YES;
				INFOPLIST_FILE = TestAssignment/Info.plist;
				INFOPLIST_KEY_UIApplicationSupportsIndirectInputEvents = YES;
				INFOPLIST_KEY_UILaunchStoryboardName = LaunchScreen;
				INFOPLIST_KEY_UIMainStoryboardFile = Main;
				INFOPLIST_KEY_UISupportedInterfaceOrientations_iPad = "UIInterfaceOrientationPortrait UIInterfaceOrientationPortraitUpsideDown UIInterfaceOrientationLandscapeLeft UIInterfaceOrientationLandscapeRight";
				INFOPLIST_KEY_UISupportedInterfaceOrientations_iPhone = "UIInterfaceOrientationPortrait UIInterfaceOrientationLandscapeLeft UIInterfaceOrientationLandscapeRight";
				LD_RUNPATH_SEARCH_PATHS = (
					"$(inherited)",
					"@executable_path/Frameworks",
				);
				MARKETING_VERSION = 1.0;
				PRODUCT_BUNDLE_IDENTIFIER = com.it.demo.TestAssignment;
				PRODUCT_NAME = "$(TARGET_NAME)";
				SWIFT_EMIT_LOC_STRINGS = YES;
				SWIFT_VERSION = 5.0;
				TARGETED_DEVICE_FAMILY = "1,2";
			};
			name = Release;
		};
		701AA9CE2AC56F170002B7A5 /* Debug */ = {
			isa = XCBuildConfiguration;
			buildSettings = {
				ALWAYS_EMBED_SWIFT_STANDARD_LIBRARIES = YES;
				BUNDLE_LOADER = "$(TEST_HOST)";
				CODE_SIGN_STYLE = Automatic;
				CURRENT_PROJECT_VERSION = 1;
				GENERATE_INFOPLIST_FILE = YES;
				IPHONEOS_DEPLOYMENT_TARGET = 15.5;
				MARKETING_VERSION = 1.0;
				PRODUCT_BUNDLE_IDENTIFIER = com.it.demo.TestAssignmentTests;
				PRODUCT_NAME = "$(TARGET_NAME)";
				SWIFT_EMIT_LOC_STRINGS = NO;
				SWIFT_VERSION = 5.0;
				TARGETED_DEVICE_FAMILY = "1,2";
				TEST_HOST = "$(BUILT_PRODUCTS_DIR)/TestAssignment.app/TestAssignment";
			};
			name = Debug;
		};
		701AA9CF2AC56F170002B7A5 /* Release */ = {
			isa = XCBuildConfiguration;
			buildSettings = {
				ALWAYS_EMBED_SWIFT_STANDARD_LIBRARIES = YES;
				BUNDLE_LOADER = "$(TEST_HOST)";
				CODE_SIGN_STYLE = Automatic;
				CURRENT_PROJECT_VERSION = 1;
				GENERATE_INFOPLIST_FILE = YES;
				IPHONEOS_DEPLOYMENT_TARGET = 15.5;
				MARKETING_VERSION = 1.0;
				PRODUCT_BUNDLE_IDENTIFIER = com.it.demo.TestAssignmentTests;
				PRODUCT_NAME = "$(TARGET_NAME)";
				SWIFT_EMIT_LOC_STRINGS = NO;
				SWIFT_VERSION = 5.0;
				TARGETED_DEVICE_FAMILY = "1,2";
				TEST_HOST = "$(BUILT_PRODUCTS_DIR)/TestAssignment.app/TestAssignment";
			};
			name = Release;
		};
		701AA9D12AC56F170002B7A5 /* Debug */ = {
			isa = XCBuildConfiguration;
			buildSettings = {
				ALWAYS_EMBED_SWIFT_STANDARD_LIBRARIES = YES;
				CODE_SIGN_STYLE = Automatic;
				CURRENT_PROJECT_VERSION = 1;
				GENERATE_INFOPLIST_FILE = YES;
				MARKETING_VERSION = 1.0;
				PRODUCT_BUNDLE_IDENTIFIER = com.it.demo.TestAssignmentUITests;
				PRODUCT_NAME = "$(TARGET_NAME)";
				SWIFT_EMIT_LOC_STRINGS = NO;
				SWIFT_VERSION = 5.0;
				TARGETED_DEVICE_FAMILY = "1,2";
				TEST_TARGET_NAME = TestAssignment;
			};
			name = Debug;
		};
		701AA9D22AC56F170002B7A5 /* Release */ = {
			isa = XCBuildConfiguration;
			buildSettings = {
				ALWAYS_EMBED_SWIFT_STANDARD_LIBRARIES = YES;
				CODE_SIGN_STYLE = Automatic;
				CURRENT_PROJECT_VERSION = 1;
				GENERATE_INFOPLIST_FILE = YES;
				MARKETING_VERSION = 1.0;
				PRODUCT_BUNDLE_IDENTIFIER = com.it.demo.TestAssignmentUITests;
				PRODUCT_NAME = "$(TARGET_NAME)";
				SWIFT_EMIT_LOC_STRINGS = NO;
				SWIFT_VERSION = 5.0;
				TARGETED_DEVICE_FAMILY = "1,2";
				TEST_TARGET_NAME = TestAssignment;
			};
			name = Release;
		};
/* End XCBuildConfiguration section */

/* Begin XCConfigurationList section */
		701AA99B2AC56F130002B7A5 /* Build configuration list for PBXProject "TestAssignment" */ = {
			isa = XCConfigurationList;
			buildConfigurations = (
				701AA9C82AC56F170002B7A5 /* Debug */,
				701AA9C92AC56F170002B7A5 /* Release */,
			);
			defaultConfigurationIsVisible = 0;
			defaultConfigurationName = Release;
		};
		701AA9CA2AC56F170002B7A5 /* Build configuration list for PBXNativeTarget "TestAssignment" */ = {
			isa = XCConfigurationList;
			buildConfigurations = (
				701AA9CB2AC56F170002B7A5 /* Debug */,
				701AA9CC2AC56F170002B7A5 /* Release */,
			);
			defaultConfigurationIsVisible = 0;
			defaultConfigurationName = Release;
		};
		701AA9CD2AC56F170002B7A5 /* Build configuration list for PBXNativeTarget "TestAssignmentTests" */ = {
			isa = XCConfigurationList;
			buildConfigurations = (
				701AA9CE2AC56F170002B7A5 /* Debug */,
				701AA9CF2AC56F170002B7A5 /* Release */,
			);
			defaultConfigurationIsVisible = 0;
			defaultConfigurationName = Release;
		};
		701AA9D02AC56F170002B7A5 /* Build configuration list for PBXNativeTarget "TestAssignmentUITests" */ = {
			isa = XCConfigurationList;
			buildConfigurations = (
				701AA9D12AC56F170002B7A5 /* Debug */,
				701AA9D22AC56F170002B7A5 /* Release */,
			);
			defaultConfigurationIsVisible = 0;
			defaultConfigurationName = Release;
		};
/* End XCConfigurationList section */
	};
	rootObject = 701AA9982AC56F130002B7A5 /* Project object */;
}
